// !$*UTF8*$!
{
	archiveVersion = 1;
	classes = {
	};
	objectVersion = 56;
	objects = {

/* Begin PBXBuildFile section */
		3C3454632A165BAF00E3E136 /* AppDelegate.swift in Sources */ = {isa = PBXBuildFile; fileRef = 3C3454622A165BAF00E3E136 /* AppDelegate.swift */; };
		3C3454652A165BAF00E3E136 /* SceneDelegate.swift in Sources */ = {isa = PBXBuildFile; fileRef = 3C3454642A165BAF00E3E136 /* SceneDelegate.swift */; };
		3C3454672A165BAF00E3E136 /* ViewController.swift in Sources */ = {isa = PBXBuildFile; fileRef = 3C3454662A165BAF00E3E136 /* ViewController.swift */; };
		3C34546A2A165BAF00E3E136 /* Main.storyboard in Resources */ = {isa = PBXBuildFile; fileRef = 3C3454682A165BAF00E3E136 /* Main.storyboard */; };
		3C34546C2A165BB000E3E136 /* Assets.xcassets in Resources */ = {isa = PBXBuildFile; fileRef = 3C34546B2A165BB000E3E136 /* Assets.xcassets */; };
		3C34546F2A165BB000E3E136 /* LaunchScreen.storyboard in Resources */ = {isa = PBXBuildFile; fileRef = 3C34546D2A165BB000E3E136 /* LaunchScreen.storyboard */; };
		3C3454772A165C3F00E3E136 /* ReactContainer.swift in Sources */ = {isa = PBXBuildFile; fileRef = 3C3454762A165C3F00E3E136 /* ReactContainer.swift */; };
		868E6A5BE37E9AB5A60BA243 /* Pods_TestReactNativeVectorIcons.framework in Frameworks */ = {isa = PBXBuildFile; fileRef = D35BA76594EA3DC426231981 /* Pods_TestReactNativeVectorIcons.framework */; };
/* End PBXBuildFile section */

/* Begin PBXFileReference section */
		3C34545F2A165BAF00E3E136 /* TestReactNativeVectorIcons.app */ = {isa = PBXFileReference; explicitFileType = wrapper.application; includeInIndex = 0; path = TestReactNativeVectorIcons.app; sourceTree = BUILT_PRODUCTS_DIR; };
		3C3454622A165BAF00E3E136 /* AppDelegate.swift */ = {isa = PBXFileReference; lastKnownFileType = sourcecode.swift; path = AppDelegate.swift; sourceTree = "<group>"; };
		3C3454642A165BAF00E3E136 /* SceneDelegate.swift */ = {isa = PBXFileReference; lastKnownFileType = sourcecode.swift; path = SceneDelegate.swift; sourceTree = "<group>"; };
		3C3454662A165BAF00E3E136 /* ViewController.swift */ = {isa = PBXFileReference; lastKnownFileType = sourcecode.swift; path = ViewController.swift; sourceTree = "<group>"; };
		3C3454692A165BAF00E3E136 /* Base */ = {isa = PBXFileReference; lastKnownFileType = file.storyboard; name = Base; path = Base.lproj/Main.storyboard; sourceTree = "<group>"; };
		3C34546B2A165BB000E3E136 /* Assets.xcassets */ = {isa = PBXFileReference; lastKnownFileType = folder.assetcatalog; path = Assets.xcassets; sourceTree = "<group>"; };
		3C34546E2A165BB000E3E136 /* Base */ = {isa = PBXFileReference; lastKnownFileType = file.storyboard; name = Base; path = Base.lproj/LaunchScreen.storyboard; sourceTree = "<group>"; };
		3C3454702A165BB000E3E136 /* Info.plist */ = {isa = PBXFileReference; lastKnownFileType = text.plist.xml; path = Info.plist; sourceTree = "<group>"; };
		3C3454762A165C3F00E3E136 /* ReactContainer.swift */ = {isa = PBXFileReference; lastKnownFileType = sourcecode.swift; path = ReactContainer.swift; sourceTree = "<group>"; };
		3CE518C12A167B75004BAA87 /* MaterialCommunityIcons.ttf */ = {isa = PBXFileReference; lastKnownFileType = file; name = MaterialCommunityIcons.ttf; path = "react/node_modules/react-native-vector-icons/Fonts/MaterialCommunityIcons.ttf"; sourceTree = SOURCE_ROOT; };
		B8267D2043ED0D689BE3908A /* Pods-TestReactNativeVectorIcons.debug.xcconfig */ = {isa = PBXFileReference; includeInIndex = 1; lastKnownFileType = text.xcconfig; name = "Pods-TestReactNativeVectorIcons.debug.xcconfig"; path = "Target Support Files/Pods-TestReactNativeVectorIcons/Pods-TestReactNativeVectorIcons.debug.xcconfig"; sourceTree = "<group>"; };
		D35BA76594EA3DC426231981 /* Pods_TestReactNativeVectorIcons.framework */ = {isa = PBXFileReference; explicitFileType = wrapper.framework; includeInIndex = 0; path = Pods_TestReactNativeVectorIcons.framework; sourceTree = BUILT_PRODUCTS_DIR; };
		EFE91372132C1EAB6DD26318 /* Pods-TestReactNativeVectorIcons.release.xcconfig */ = {isa = PBXFileReference; includeInIndex = 1; lastKnownFileType = text.xcconfig; name = "Pods-TestReactNativeVectorIcons.release.xcconfig"; path = "Target Support Files/Pods-TestReactNativeVectorIcons/Pods-TestReactNativeVectorIcons.release.xcconfig"; sourceTree = "<group>"; };
/* End PBXFileReference section */

/* Begin PBXFrameworksBuildPhase section */
		3C34545C2A165BAF00E3E136 /* Frameworks */ = {
			isa = PBXFrameworksBuildPhase;
			buildActionMask = 2147483647;
			files = (
				868E6A5BE37E9AB5A60BA243 /* Pods_TestReactNativeVectorIcons.framework in Frameworks */,
			);
			runOnlyForDeploymentPostprocessing = 0;
		};
/* End PBXFrameworksBuildPhase section */

/* Begin PBXGroup section */
		3C3454562A165BAF00E3E136 = {
			isa = PBXGroup;
			children = (
				3C3454612A165BAF00E3E136 /* TestReactNativeVectorIcons */,
				3C3454602A165BAF00E3E136 /* Products */,
				C7B786F8B422513835DC074A /* Pods */,
				89D34517DCD55C34B6AED68F /* Frameworks */,
			);
			sourceTree = "<group>";
		};
		3C3454602A165BAF00E3E136 /* Products */ = {
			isa = PBXGroup;
			children = (
				3C34545F2A165BAF00E3E136 /* TestReactNativeVectorIcons.app */,
			);
			name = Products;
			sourceTree = "<group>";
		};
		3C3454612A165BAF00E3E136 /* TestReactNativeVectorIcons */ = {
			isa = PBXGroup;
			children = (
				3CE518C02A167B5C004BAA87 /* Fonts */,
				3C3454622A165BAF00E3E136 /* AppDelegate.swift */,
				3C3454642A165BAF00E3E136 /* SceneDelegate.swift */,
				3C3454662A165BAF00E3E136 /* ViewController.swift */,
				3C3454682A165BAF00E3E136 /* Main.storyboard */,
				3C34546B2A165BB000E3E136 /* Assets.xcassets */,
				3C34546D2A165BB000E3E136 /* LaunchScreen.storyboard */,
				3C3454702A165BB000E3E136 /* Info.plist */,
				3C3454762A165C3F00E3E136 /* ReactContainer.swift */,
			);
			path = TestReactNativeVectorIcons;
			sourceTree = "<group>";
		};
		3CE518C02A167B5C004BAA87 /* Fonts */ = {
			isa = PBXGroup;
			children = (
				3CE518C12A167B75004BAA87 /* MaterialCommunityIcons.ttf */,
			);
			path = Fonts;
			sourceTree = "<group>";
		};
		89D34517DCD55C34B6AED68F /* Frameworks */ = {
			isa = PBXGroup;
			children = (
				D35BA76594EA3DC426231981 /* Pods_TestReactNativeVectorIcons.framework */,
			);
			name = Frameworks;
			sourceTree = "<group>";
		};
		C7B786F8B422513835DC074A /* Pods */ = {
			isa = PBXGroup;
			children = (
				B8267D2043ED0D689BE3908A /* Pods-TestReactNativeVectorIcons.debug.xcconfig */,
				EFE91372132C1EAB6DD26318 /* Pods-TestReactNativeVectorIcons.release.xcconfig */,
			);
			path = Pods;
			sourceTree = "<group>";
		};
/* End PBXGroup section */

/* Begin PBXNativeTarget section */
		3C34545E2A165BAF00E3E136 /* TestReactNativeVectorIcons */ = {
			isa = PBXNativeTarget;
			buildConfigurationList = 3C3454732A165BB000E3E136 /* Build configuration list for PBXNativeTarget "TestReactNativeVectorIcons" */;
			buildPhases = (
				6EAF4A73AE8094EA464A2147 /* [CP] Check Pods Manifest.lock */,
				3C34545B2A165BAF00E3E136 /* Sources */,
				3C34545C2A165BAF00E3E136 /* Frameworks */,
				3C34545D2A165BAF00E3E136 /* Resources */,
				E470A8F5A1764B6615214C7F /* [CP] Embed Pods Frameworks */,
				3C17BD982A1667AF007BC1EB /* Start npm */,
			);
			buildRules = (
			);
			dependencies = (
			);
			name = TestReactNativeVectorIcons;
			productName = TestReactNativeVectorIcons;
			productReference = 3C34545F2A165BAF00E3E136 /* TestReactNativeVectorIcons.app */;
			productType = "com.apple.product-type.application";
		};
/* End PBXNativeTarget section */

/* Begin PBXProject section */
		3C3454572A165BAF00E3E136 /* Project object */ = {
			isa = PBXProject;
			attributes = {
				BuildIndependentTargetsInParallel = 1;
				LastSwiftUpdateCheck = 1430;
				LastUpgradeCheck = 1430;
				TargetAttributes = {
					3C34545E2A165BAF00E3E136 = {
						CreatedOnToolsVersion = 14.3;
					};
				};
			};
			buildConfigurationList = 3C34545A2A165BAF00E3E136 /* Build configuration list for PBXProject "TestReactNativeVectorIcons" */;
			compatibilityVersion = "Xcode 14.0";
			developmentRegion = en;
			hasScannedForEncodings = 0;
			knownRegions = (
				en,
				Base,
			);
			mainGroup = 3C3454562A165BAF00E3E136;
			productRefGroup = 3C3454602A165BAF00E3E136 /* Products */;
			projectDirPath = "";
			projectRoot = "";
			targets = (
				3C34545E2A165BAF00E3E136 /* TestReactNativeVectorIcons */,
			);
		};
/* End PBXProject section */

/* Begin PBXResourcesBuildPhase section */
		3C34545D2A165BAF00E3E136 /* Resources */ = {
			isa = PBXResourcesBuildPhase;
			buildActionMask = 2147483647;
			files = (
				3C34546F2A165BB000E3E136 /* LaunchScreen.storyboard in Resources */,
				3C34546C2A165BB000E3E136 /* Assets.xcassets in Resources */,
				3C34546A2A165BAF00E3E136 /* Main.storyboard in Resources */,
			);
			runOnlyForDeploymentPostprocessing = 0;
		};
/* End PBXResourcesBuildPhase section */

/* Begin PBXShellScriptBuildPhase section */
		3C17BD982A1667AF007BC1EB /* Start npm */ = {
			isa = PBXShellScriptBuildPhase;
			buildActionMask = 2147483647;
			files = (
			);
			inputFileListPaths = (
			);
			inputPaths = (
			);
			name = "Start npm";
			outputFileListPaths = (
			);
			outputPaths = (
			);
			runOnlyForDeploymentPostprocessing = 0;
			shellPath = /bin/sh;
			shellScript = "    sh \"${PROJECT_DIR}/react/start-npm.sh\" --react-folder-path=\"${PROJECT_DIR}/react\" --metro-config-path=\"${PROJECT_DIR}/react/metroBundler.config.json\"\n";
		};
		6EAF4A73AE8094EA464A2147 /* [CP] Check Pods Manifest.lock */ = {
			isa = PBXShellScriptBuildPhase;
			buildActionMask = 2147483647;
			files = (
			);
			inputFileListPaths = (
			);
			inputPaths = (
				"${PODS_PODFILE_DIR_PATH}/Podfile.lock",
				"${PODS_ROOT}/Manifest.lock",
			);
			name = "[CP] Check Pods Manifest.lock";
			outputFileListPaths = (
			);
			outputPaths = (
				"$(DERIVED_FILE_DIR)/Pods-TestReactNativeVectorIcons-checkManifestLockResult.txt",
			);
			runOnlyForDeploymentPostprocessing = 0;
			shellPath = /bin/sh;
			shellScript = "diff \"${PODS_PODFILE_DIR_PATH}/Podfile.lock\" \"${PODS_ROOT}/Manifest.lock\" > /dev/null\nif [ $? != 0 ] ; then\n    # print error to STDERR\n    echo \"error: The sandbox is not in sync with the Podfile.lock. Run 'pod install' or update your CocoaPods installation.\" >&2\n    exit 1\nfi\n# This output is used by Xcode 'outputs' to avoid re-running this script phase.\necho \"SUCCESS\" > \"${SCRIPT_OUTPUT_FILE_0}\"\n";
			showEnvVarsInLog = 0;
		};
		E470A8F5A1764B6615214C7F /* [CP] Embed Pods Frameworks */ = {
			isa = PBXShellScriptBuildPhase;
			buildActionMask = 2147483647;
			files = (
			);
			inputFileListPaths = (
				"${PODS_ROOT}/Target Support Files/Pods-TestReactNativeVectorIcons/Pods-TestReactNativeVectorIcons-frameworks-${CONFIGURATION}-input-files.xcfilelist",
			);
			name = "[CP] Embed Pods Frameworks";
			outputFileListPaths = (
				"${PODS_ROOT}/Target Support Files/Pods-TestReactNativeVectorIcons/Pods-TestReactNativeVectorIcons-frameworks-${CONFIGURATION}-output-files.xcfilelist",
			);
			runOnlyForDeploymentPostprocessing = 0;
			shellPath = /bin/sh;
			shellScript = "\"${PODS_ROOT}/Target Support Files/Pods-TestReactNativeVectorIcons/Pods-TestReactNativeVectorIcons-frameworks.sh\"\n";
			showEnvVarsInLog = 0;
		};
/* End PBXShellScriptBuildPhase section */

/* Begin PBXSourcesBuildPhase section */
		3C34545B2A165BAF00E3E136 /* Sources */ = {
			isa = PBXSourcesBuildPhase;
			buildActionMask = 2147483647;
			files = (
				3C3454672A165BAF00E3E136 /* ViewController.swift in Sources */,
				3C3454772A165C3F00E3E136 /* ReactContainer.swift in Sources */,
				3C3454632A165BAF00E3E136 /* AppDelegate.swift in Sources */,
				3C3454652A165BAF00E3E136 /* SceneDelegate.swift in Sources */,
			);
			runOnlyForDeploymentPostprocessing = 0;
		};
/* End PBXSourcesBuildPhase section */

/* Begin PBXVariantGroup section */
		3C3454682A165BAF00E3E136 /* Main.storyboard */ = {
			isa = PBXVariantGroup;
			children = (
				3C3454692A165BAF00E3E136 /* Base */,
			);
			name = Main.storyboard;
			sourceTree = "<group>";
		};
		3C34546D2A165BB000E3E136 /* LaunchScreen.storyboard */ = {
			isa = PBXVariantGroup;
			children = (
				3C34546E2A165BB000E3E136 /* Base */,
			);
			name = LaunchScreen.storyboard;
			sourceTree = "<group>";
		};
/* End PBXVariantGroup section */

/* Begin XCBuildConfiguration section */
		3C3454712A165BB000E3E136 /* Debug */ = {
			isa = XCBuildConfiguration;
			buildSettings = {
				ALWAYS_SEARCH_USER_PATHS = NO;
				CLANG_ANALYZER_NONNULL = YES;
				CLANG_ANALYZER_NUMBER_OBJECT_CONVERSION = YES_AGGRESSIVE;
				CLANG_CXX_LANGUAGE_STANDARD = "c++17";
				CLANG_ENABLE_MODULES = YES;
				CLANG_ENABLE_OBJC_ARC = YES;
				CLANG_ENABLE_OBJC_WEAK = YES;
				CLANG_WARN_BLOCK_CAPTURE_AUTORELEASING = YES;
				CLANG_WARN_BOOL_CONVERSION = YES;
				CLANG_WARN_COMMA = YES;
				CLANG_WARN_CONSTANT_CONVERSION = YES;
				CLANG_WARN_DEPRECATED_OBJC_IMPLEMENTATIONS = YES;
				CLANG_WARN_DIRECT_OBJC_ISA_USAGE = YES_ERROR;
				CLANG_WARN_DOCUMENTATION_COMMENTS = YES;
				CLANG_WARN_EMPTY_BODY = YES;
				CLANG_WARN_ENUM_CONVERSION = YES;
				CLANG_WARN_INFINITE_RECURSION = YES;
				CLANG_WARN_INT_CONVERSION = YES;
				CLANG_WARN_NON_LITERAL_NULL_CONVERSION = YES;
				CLANG_WARN_OBJC_IMPLICIT_RETAIN_SELF = YES;
				CLANG_WARN_OBJC_LITERAL_CONVERSION = YES;
				CLANG_WARN_OBJC_ROOT_CLASS = YES_ERROR;
				CLANG_WARN_QUOTED_INCLUDE_IN_FRAMEWORK_HEADER = YES;
				CLANG_WARN_RANGE_LOOP_ANALYSIS = YES;
				CLANG_WARN_STRICT_PROTOTYPES = YES;
				CLANG_WARN_SUSPICIOUS_MOVE = YES;
				CLANG_WARN_UNGUARDED_AVAILABILITY = YES_AGGRESSIVE;
				CLANG_WARN_UNREACHABLE_CODE = YES;
				CLANG_WARN__DUPLICATE_METHOD_MATCH = YES;
				COPY_PHASE_STRIP = NO;
				DEBUG_INFORMATION_FORMAT = dwarf;
				ENABLE_STRICT_OBJC_MSGSEND = YES;
				ENABLE_TESTABILITY = YES;
				"EXCLUDED_ARCHS[sdk=iphonesimulator*]" = "";
				GCC_C_LANGUAGE_STANDARD = gnu11;
				GCC_DYNAMIC_NO_PIC = NO;
				GCC_NO_COMMON_BLOCKS = YES;
				GCC_OPTIMIZATION_LEVEL = 0;
				GCC_PREPROCESSOR_DEFINITIONS = (
					"DEBUG=1",
					"$(inherited)",
				);
				GCC_WARN_64_TO_32_BIT_CONVERSION = YES;
				GCC_WARN_ABOUT_RETURN_TYPE = YES_ERROR;
				GCC_WARN_UNDECLARED_SELECTOR = YES;
				GCC_WARN_UNINITIALIZED_AUTOS = YES_AGGRESSIVE;
				GCC_WARN_UNUSED_FUNCTION = YES;
				GCC_WARN_UNUSED_VARIABLE = YES;
				IPHONEOS_DEPLOYMENT_TARGET = 16.4;
				MTL_ENABLE_DEBUG_INFO = INCLUDE_SOURCE;
				MTL_FAST_MATH = YES;
				ONLY_ACTIVE_ARCH = YES;
				REACT_NATIVE_PATH = "${PODS_ROOT}/../react/node_modules/react-native";
				SDKROOT = iphoneos;
				SWIFT_ACTIVE_COMPILATION_CONDITIONS = DEBUG;
				SWIFT_OPTIMIZATION_LEVEL = "-Onone";
			};
			name = Debug;
		};
		3C3454722A165BB000E3E136 /* Release */ = {
			isa = XCBuildConfiguration;
			buildSettings = {
				ALWAYS_SEARCH_USER_PATHS = NO;
				CLANG_ANALYZER_NONNULL = YES;
				CLANG_ANALYZER_NUMBER_OBJECT_CONVERSION = YES_AGGRESSIVE;
				CLANG_CXX_LANGUAGE_STANDARD = "c++17";
				CLANG_ENABLE_MODULES = YES;
				CLANG_ENABLE_OBJC_ARC = YES;
				CLANG_ENABLE_OBJC_WEAK = YES;
				CLANG_WARN_BLOCK_CAPTURE_AUTORELEASING = YES;
				CLANG_WARN_BOOL_CONVERSION = YES;
				CLANG_WARN_COMMA = YES;
				CLANG_WARN_CONSTANT_CONVERSION = YES;
				CLANG_WARN_DEPRECATED_OBJC_IMPLEMENTATIONS = YES;
				CLANG_WARN_DIRECT_OBJC_ISA_USAGE = YES_ERROR;
				CLANG_WARN_DOCUMENTATION_COMMENTS = YES;
				CLANG_WARN_EMPTY_BODY = YES;
				CLANG_WARN_ENUM_CONVERSION = YES;
				CLANG_WARN_INFINITE_RECURSION = YES;
				CLANG_WARN_INT_CONVERSION = YES;
				CLANG_WARN_NON_LITERAL_NULL_CONVERSION = YES;
				CLANG_WARN_OBJC_IMPLICIT_RETAIN_SELF = YES;
				CLANG_WARN_OBJC_LITERAL_CONVERSION = YES;
				CLANG_WARN_OBJC_ROOT_CLASS = YES_ERROR;
				CLANG_WARN_QUOTED_INCLUDE_IN_FRAMEWORK_HEADER = YES;
				CLANG_WARN_RANGE_LOOP_ANALYSIS = YES;
				CLANG_WARN_STRICT_PROTOTYPES = YES;
				CLANG_WARN_SUSPICIOUS_MOVE = YES;
				CLANG_WARN_UNGUARDED_AVAILABILITY = YES_AGGRESSIVE;
				CLANG_WARN_UNREACHABLE_CODE = YES;
				CLANG_WARN__DUPLICATE_METHOD_MATCH = YES;
				COPY_PHASE_STRIP = NO;
				DEBUG_INFORMATION_FORMAT = "dwarf-with-dsym";
				ENABLE_NS_ASSERTIONS = NO;
				ENABLE_STRICT_OBJC_MSGSEND = YES;
				"EXCLUDED_ARCHS[sdk=iphonesimulator*]" = "";
				GCC_C_LANGUAGE_STANDARD = gnu11;
				GCC_NO_COMMON_BLOCKS = YES;
				GCC_WARN_64_TO_32_BIT_CONVERSION = YES;
				GCC_WARN_ABOUT_RETURN_TYPE = YES_ERROR;
				GCC_WARN_UNDECLARED_SELECTOR = YES;
				GCC_WARN_UNINITIALIZED_AUTOS = YES_AGGRESSIVE;
				GCC_WARN_UNUSED_FUNCTION = YES;
				GCC_WARN_UNUSED_VARIABLE = YES;
				IPHONEOS_DEPLOYMENT_TARGET = 16.4;
				MTL_ENABLE_DEBUG_INFO = NO;
				MTL_FAST_MATH = YES;
				REACT_NATIVE_PATH = "${PODS_ROOT}/../react/node_modules/react-native";
				SDKROOT = iphoneos;
				SWIFT_COMPILATION_MODE = wholemodule;
				SWIFT_OPTIMIZATION_LEVEL = "-O";
				VALIDATE_PRODUCT = YES;
			};
			name = Release;
		};
		3C3454742A165BB000E3E136 /* Debug */ = {
			isa = XCBuildConfiguration;
			baseConfigurationReference = B8267D2043ED0D689BE3908A /* Pods-TestReactNativeVectorIcons.debug.xcconfig */;
			buildSettings = {
				ASSETCATALOG_COMPILER_APPICON_NAME = AppIcon;
				ASSETCATALOG_COMPILER_GLOBAL_ACCENT_COLOR_NAME = AccentColor;
				CODE_SIGN_STYLE = Automatic;
				CURRENT_PROJECT_VERSION = 1;
				DEVELOPMENT_TEAM = HDCVX2S88K;
				GENERATE_INFOPLIST_FILE = YES;
				INFOPLIST_FILE = TestReactNativeVectorIcons/Info.plist;
				INFOPLIST_KEY_UIApplicationSupportsIndirectInputEvents = YES;
				INFOPLIST_KEY_UILaunchStoryboardName = LaunchScreen;
				INFOPLIST_KEY_UIMainStoryboardFile = Main;
				INFOPLIST_KEY_UISupportedInterfaceOrientations_iPad = "UIInterfaceOrientationPortrait UIInterfaceOrientationPortraitUpsideDown UIInterfaceOrientationLandscapeLeft UIInterfaceOrientationLandscapeRight";
				INFOPLIST_KEY_UISupportedInterfaceOrientations_iPhone = "UIInterfaceOrientationPortrait UIInterfaceOrientationLandscapeLeft UIInterfaceOrientationLandscapeRight";
				LD_RUNPATH_SEARCH_PATHS = (
					"$(inherited)",
					"@executable_path/Frameworks",
				);
				MARKETING_VERSION = 1.0;
				PRODUCT_BUNDLE_IDENTIFIER = test.myapp99.TestReactNativeVectorIcons;
				PRODUCT_NAME = "$(TARGET_NAME)";
				SWIFT_EMIT_LOC_STRINGS = YES;
				SWIFT_VERSION = 5.0;
				TARGETED_DEVICE_FAMILY = "1,2";
			};
			name = Debug;
		};
		3C3454752A165BB000E3E136 /* Release */ = {
			isa = XCBuildConfiguration;
			baseConfigurationReference = EFE91372132C1EAB6DD26318 /* Pods-TestReactNativeVectorIcons.release.xcconfig */;
			buildSettings = {
				ASSETCATALOG_COMPILER_APPICON_NAME = AppIcon;
				ASSETCATALOG_COMPILER_GLOBAL_ACCENT_COLOR_NAME = AccentColor;
				CODE_SIGN_STYLE = Automatic;
				CURRENT_PROJECT_VERSION = 1;
				DEVELOPMENT_TEAM = HDCVX2S88K;
				GENERATE_INFOPLIST_FILE = YES;
				INFOPLIST_FILE = TestReactNativeVectorIcons/Info.plist;
				INFOPLIST_KEY_UIApplicationSupportsIndirectInputEvents = YES;
				INFOPLIST_KEY_UILaunchStoryboardName = LaunchScreen;
				INFOPLIST_KEY_UIMainStoryboardFile = Main;
				INFOPLIST_KEY_UISupportedInterfaceOrientations_iPad = "UIInterfaceOrientationPortrait UIInterfaceOrientationPortraitUpsideDown UIInterfaceOrientationLandscapeLeft UIInterfaceOrientationLandscapeRight";
				INFOPLIST_KEY_UISupportedInterfaceOrientations_iPhone = "UIInterfaceOrientationPortrait UIInterfaceOrientationLandscapeLeft UIInterfaceOrientationLandscapeRight";
				LD_RUNPATH_SEARCH_PATHS = (
					"$(inherited)",
					"@executable_path/Frameworks",
				);
				MARKETING_VERSION = 1.0;
				PRODUCT_BUNDLE_IDENTIFIER = test.myapp99.TestReactNativeVectorIcons;
				PRODUCT_NAME = "$(TARGET_NAME)";
				SWIFT_EMIT_LOC_STRINGS = YES;
				SWIFT_VERSION = 5.0;
				TARGETED_DEVICE_FAMILY = "1,2";
			};
			name = Release;
		};
/* End XCBuildConfiguration section */

/* Begin XCConfigurationList section */
		3C34545A2A165BAF00E3E136 /* Build configuration list for PBXProject "TestReactNativeVectorIcons" */ = {
			isa = XCConfigurationList;
			buildConfigurations = (
				3C3454712A165BB000E3E136 /* Debug */,
				3C3454722A165BB000E3E136 /* Release */,
			);
			defaultConfigurationIsVisible = 0;
			defaultConfigurationName = Release;
		};
		3C3454732A165BB000E3E136 /* Build configuration list for PBXNativeTarget "TestReactNativeVectorIcons" */ = {
			isa = XCConfigurationList;
			buildConfigurations = (
				3C3454742A165BB000E3E136 /* Debug */,
				3C3454752A165BB000E3E136 /* Release */,
			);
			defaultConfigurationIsVisible = 0;
			defaultConfigurationName = Release;
		};
/* End XCConfigurationList section */
	};
	rootObject = 3C3454572A165BAF00E3E136 /* Project object */;
}
